
Microsoft Visual Studio Solution File, Format Version 12.00
# Visual Studio 15
VisualStudioVersion = 15.0.28307.852
MinimumVisualStudioVersion = 10.0.40219.1
Project("{8BC9CEB8-8B4A-11D0-8D11-00A0C91BC942}") = "LeetCode_Cpp", "LeetCode_Cpp\LeetCode_Cpp.vcxproj", "{DACBE1AA-7D62-46E0-82A2-52E6C9502A83}"
EndProject
Global
	GlobalSection(SolutionConfigurationPlatforms) = preSolution
		Debug|x64 = Debug|x64
		Debug|x86 = Debug|x86
		Release|x64 = Release|x64
		Release|x86 = Release|x86
	EndGlobalSection
	GlobalSection(ProjectConfigurationPlatforms) = postSolution
		{DACBE1AA-7D62-46E0-82A2-52E6C9502A83}.Debug|x64.ActiveCfg = Debug|x64
		{DACBE1AA-7D62-46E0-82A2-52E6C9502A83}.Debug|x64.Build.0 = Debug|x64
		{DACBE1AA-7D62-46E0-82A2-52E6C9502A83}.Debug|x86.ActiveCfg = Debug|Win32
		{DACBE1AA-7D62-46E0-82A2-52E6C9502A83}.Debug|x86.Build.0 = Debug|Win32
		{DACBE1AA-7D62-46E0-82A2-52E6C9502A83}.Release|x64.ActiveCfg = Release|x64
		{DACBE1AA-7D62-46E0-82A2-52E6C9502A83}.Release|x64.Build.0 = Release|x64
		{DACBE1AA-7D62-46E0-82A2-52E6C9502A83}.Release|x86.ActiveCfg = Release|Win32
		{DACBE1AA-7D62-46E0-82A2-52E6C9502A83}.Release|x86.Build.0 = Release|Win32
	EndGlobalSection
	GlobalSection(SolutionProperties) = preSolution
		HideSolutionNode = FALSE
	EndGlobalSection
	GlobalSection(ExtensibilityGlobals) = postSolution
		SolutionGuid = {58A6A613-4F93-43B2-B319-315147455E6E}
	EndGlobalSection
EndGlobal
