
Microsoft Visual Studio Solution File, Format Version 12.00
# Visual Studio 15
VisualStudioVersion = 15.0.27130.2024
MinimumVisualStudioVersion = 10.0.40219.1
Project("{FAE04EC0-301F-11D3-BF4B-00C04F79EFBC}") = "DataStructure", "DataStructure\DataStructure.csproj", "{88ED1EFF-7E84-494E-B277-4159FD494259}"
EndProject
Project("{FAE04EC0-301F-11D3-BF4B-00C04F79EFBC}") = "Algorithm", "Algorithm\Algorithm.csproj", "{23005A70-A8EC-4569-BFD4-BB2A91D8978D}"
EndProject
Global
	GlobalSection(SolutionConfigurationPlatforms) = preSolution
		Debug|Any CPU = Debug|Any CPU
		Debug|x64 = Debug|x64
		Debug|x86 = Debug|x86
		Release|Any CPU = Release|Any CPU
		Release|x64 = Release|x64
		Release|x86 = Release|x86
	EndGlobalSection
	GlobalSection(ProjectConfigurationPlatforms) = postSolution
		{88ED1EFF-7E84-494E-B277-4159FD494259}.Debug|Any CPU.ActiveCfg = Debug|Any CPU
		{88ED1EFF-7E84-494E-B277-4159FD494259}.Debug|Any CPU.Build.0 = Debug|Any CPU
		{88ED1EFF-7E84-494E-B277-4159FD494259}.Debug|x64.ActiveCfg = Debug|Any CPU
		{88ED1EFF-7E84-494E-B277-4159FD494259}.Debug|x64.Build.0 = Debug|Any CPU
		{88ED1EFF-7E84-494E-B277-4159FD494259}.Debug|x86.ActiveCfg = Debug|Any CPU
		{88ED1EFF-7E84-494E-B277-4159FD494259}.Debug|x86.Build.0 = Debug|Any CPU
		{88ED1EFF-7E84-494E-B277-4159FD494259}.Release|Any CPU.ActiveCfg = Release|Any CPU
		{88ED1EFF-7E84-494E-B277-4159FD494259}.Release|Any CPU.Build.0 = Release|Any CPU
		{88ED1EFF-7E84-494E-B277-4159FD494259}.Release|x64.ActiveCfg = Release|Any CPU
		{88ED1EFF-7E84-494E-B277-4159FD494259}.Release|x64.Build.0 = Release|Any CPU
		{88ED1EFF-7E84-494E-B277-4159FD494259}.Release|x86.ActiveCfg = Release|Any CPU
		{88ED1EFF-7E84-494E-B277-4159FD494259}.Release|x86.Build.0 = Release|Any CPU
		{23005A70-A8EC-4569-BFD4-BB2A91D8978D}.Debug|Any CPU.ActiveCfg = Debug|Any CPU
		{23005A70-A8EC-4569-BFD4-BB2A91D8978D}.Debug|Any CPU.Build.0 = Debug|Any CPU
		{23005A70-A8EC-4569-BFD4-BB2A91D8978D}.Debug|x64.ActiveCfg = Debug|Any CPU
		{23005A70-A8EC-4569-BFD4-BB2A91D8978D}.Debug|x64.Build.0 = Debug|Any CPU
		{23005A70-A8EC-4569-BFD4-BB2A91D8978D}.Debug|x86.ActiveCfg = Debug|Any CPU
		{23005A70-A8EC-4569-BFD4-BB2A91D8978D}.Debug|x86.Build.0 = Debug|Any CPU
		{23005A70-A8EC-4569-BFD4-BB2A91D8978D}.Release|Any CPU.ActiveCfg = Release|Any CPU
		{23005A70-A8EC-4569-BFD4-BB2A91D8978D}.Release|Any CPU.Build.0 = Release|Any CPU
		{23005A70-A8EC-4569-BFD4-BB2A91D8978D}.Release|x64.ActiveCfg = Release|Any CPU
		{23005A70-A8EC-4569-BFD4-BB2A91D8978D}.Release|x64.Build.0 = Release|Any CPU
		{23005A70-A8EC-4569-BFD4-BB2A91D8978D}.Release|x86.ActiveCfg = Release|Any CPU
		{23005A70-A8EC-4569-BFD4-BB2A91D8978D}.Release|x86.Build.0 = Release|Any CPU
	EndGlobalSection
	GlobalSection(SolutionProperties) = preSolution
		HideSolutionNode = FALSE
	EndGlobalSection
	GlobalSection(ExtensibilityGlobals) = postSolution
		SolutionGuid = {432AF4CF-760F-4FB7-9152-ACF42395C982}
	EndGlobalSection
EndGlobal
