<?xml version="1.0" encoding="utf-8"?>
<Project ToolsVersion="4.0" xmlns="http://schemas.microsoft.com/developer/msbuild/2003">
  <ItemGroup>
    <Filter Include="源文件">
      <UniqueIdentifier>{4FC737F1-C7A5-4376-A066-2A32D752A2FF}</UniqueIdentifier>
      <Extensions>cpp;c;cc;cxx;def;odl;idl;hpj;bat;asm;asmx</Extensions>
    </Filter>
    <Filter Include="头文件">
      <UniqueIdentifier>{93995380-89BD-4b04-88EB-625FBE52EBFB}</UniqueIdentifier>
      <Extensions>h;hh;hpp;hxx;hm;inl;inc;ipp;xsd</Extensions>
    </Filter>
    <Filter Include="资源文件">
      <UniqueIdentifier>{67DA6AB6-F800-4c08-8B7A-83BB121AAD01}</UniqueIdentifier>
      <Extensions>rc;ico;cur;bmp;dlg;rc2;rct;bin;rgs;gif;jpg;jpeg;jpe;resx;tiff;tif;png;wav;mfcribbon-ms</Extensions>
    </Filter>
    <Filter Include="头文件\Utilities">
      <UniqueIdentifier>{daaca3a2-8be4-4e2b-90f6-3227a85a166d}</UniqueIdentifier>
    </Filter>
    <Filter Include="头文件\Sort">
      <UniqueIdentifier>{3f68ee93-ecd6-4eb4-aae4-15920fe7251a}</UniqueIdentifier>
    </Filter>
  </ItemGroup>
  <ItemGroup>
    <ClCompile Include="ToOffer_Cpp.cpp">
      <Filter>源文件</Filter>
    </ClCompile>
    <ClCompile Include="_14_OrderOddNumberFirst.cpp">
      <Filter>头文件</Filter>
    </ClCompile>
    <ClCompile Include="_15_ChainList.cpp">
      <Filter>头文件</Filter>
    </ClCompile>
    <ClCompile Include="_20_PrintMatrix.cpp">
      <Filter>头文件</Filter>
    </ClCompile>
    <ClCompile Include="_21_StackWithMin.cpp">
      <Filter>头文件</Filter>
    </ClCompile>
    <ClCompile Include="_22_StackPushPopOrder.cpp">
      <Filter>头文件</Filter>
    </ClCompile>
    <ClCompile Include="_28_StringPermutation.cpp">
      <Filter>头文件</Filter>
    </ClCompile>
    <ClCompile Include="Utilities\List.cpp">
      <Filter>头文件\Utilities</Filter>
    </ClCompile>
    <ClCompile Include="Utilities\BinaryTree.cpp">
      <Filter>头文件\Utilities</Filter>
    </ClCompile>
  </ItemGroup>
  <ItemGroup>
    <ClInclude Include="resource.h">
      <Filter>头文件</Filter>
    </ClInclude>
    <ClInclude Include="_14_OrderOddNumberFirst.h">
      <Filter>头文件</Filter>
    </ClInclude>
    <ClInclude Include="_20_PrintMatrix.h">
      <Filter>头文件</Filter>
    </ClInclude>
    <ClInclude Include="_21_StackWithMin.h">
      <Filter>头文件</Filter>
    </ClInclude>
    <ClInclude Include="_22_StackPushPopOrder.h">
      <Filter>头文件</Filter>
    </ClInclude>
    <ClInclude Include="FirstClass_Student.h">
      <Filter>头文件</Filter>
    </ClInclude>
    <ClInclude Include="_01_AssignmentOperator.h">
      <Filter>头文件</Filter>
    </ClInclude>
    <ClInclude Include="Utilities\BinaryTree.h">
      <Filter>头文件\Utilities</Filter>
    </ClInclude>
    <ClInclude Include="..\LeetCode_Cpp\Global.h">
      <Filter>头文件</Filter>
    </ClInclude>
    <ClInclude Include="Utilities\List.h">
      <Filter>头文件\Utilities</Filter>
    </ClInclude>
    <ClInclude Include="_07_ConstructBinaryTree.h">
      <Filter>头文件</Filter>
    </ClInclude>
    <ClInclude Include="_08_NextNodeInBinaryTrees.h">
      <Filter>头文件</Filter>
    </ClInclude>
    <ClInclude Include="_09_QueueWithTwoStacks.h">
      <Filter>头文件</Filter>
    </ClInclude>
    <ClInclude Include="_10_Fibonacci.h">
      <Filter>头文件</Filter>
    </ClInclude>
    <ClInclude Include="_11_MinNumberInRotatedArray.h">
      <Filter>头文件</Filter>
    </ClInclude>
    <ClInclude Include="_12_StringPathInMatrix.h">
      <Filter>头文件</Filter>
    </ClInclude>
    <ClInclude Include="_14_CuttingRope.h">
      <Filter>头文件</Filter>
    </ClInclude>
    <ClInclude Include="_13_RobotMove.h">
      <Filter>头文件</Filter>
    </ClInclude>
    <ClInclude Include="_15_NumberOf1InBinary.h">
      <Filter>头文件</Filter>
    </ClInclude>
    <ClInclude Include="_16_Power.h">
      <Filter>头文件</Filter>
    </ClInclude>
    <ClInclude Include="_17_Print1ToMaxOfNDigits.h">
      <Filter>头文件</Filter>
    </ClInclude>
    <ClInclude Include="_18_01_DeleteNodeInList.h">
      <Filter>头文件</Filter>
    </ClInclude>
    <ClInclude Include="_18_02_DeleteDuplicatedNode.h">
      <Filter>头文件</Filter>
    </ClInclude>
    <ClInclude Include="_19_RegularExpressionsMatching.h">
      <Filter>头文件</Filter>
    </ClInclude>
    <ClInclude Include="_20_NumericStrings.h">
      <Filter>头文件</Filter>
    </ClInclude>
    <ClInclude Include="_21_ReorderArray.h">
      <Filter>头文件</Filter>
    </ClInclude>
    <ClInclude Include="_22_KthNodeFromEnd.h">
      <Filter>头文件</Filter>
    </ClInclude>
    <ClInclude Include="_23_EntryNodeInListLoop.h">
      <Filter>头文件</Filter>
    </ClInclude>
    <ClInclude Include="_02_Singleton.h">
      <Filter>头文件</Filter>
    </ClInclude>
    <ClInclude Include="_03_01_DuplicationInArray.h">
      <Filter>头文件</Filter>
    </ClInclude>
    <ClInclude Include="_03_02_DuplicationInArrayNoEdit.h">
      <Filter>头文件</Filter>
    </ClInclude>
    <ClInclude Include="_06_PrintListInReversedOrder.h">
      <Filter>头文件</Filter>
    </ClInclude>
    <ClInclude Include="_05_ReplaceSpaces.h">
      <Filter>头文件</Filter>
    </ClInclude>
    <ClInclude Include="_04_FindInPartiallySortedMatrix.h">
      <Filter>头文件</Filter>
    </ClInclude>
    <ClInclude Include="_24_ReverseList.h">
      <Filter>头文件</Filter>
    </ClInclude>
    <ClInclude Include="_25_MergeSortedLists.h">
      <Filter>头文件</Filter>
    </ClInclude>
    <ClInclude Include="_26_SubstructureInTree.h">
      <Filter>头文件</Filter>
    </ClInclude>
    <ClInclude Include="_27_MirrorOfBinaryTree.h">
      <Filter>头文件</Filter>
    </ClInclude>
    <ClInclude Include="_28_SymmetricalBinaryTree.h">
      <Filter>头文件</Filter>
    </ClInclude>
    <ClInclude Include="_29_PrintMatrix.h">
      <Filter>头文件</Filter>
    </ClInclude>
    <ClInclude Include="_30_MinInStack.h">
      <Filter>头文件</Filter>
    </ClInclude>
    <ClInclude Include="_31_StackPushPopOrder.h">
      <Filter>头文件</Filter>
    </ClInclude>
    <ClInclude Include="LineIntersection.h">
      <Filter>头文件</Filter>
    </ClInclude>
    <ClInclude Include="_32_PrintTree.h">
      <Filter>头文件</Filter>
    </ClInclude>
    <ClInclude Include="_33_SquenceOfBST.h">
      <Filter>头文件</Filter>
    </ClInclude>
    <ClInclude Include="_34_PathInTree.h">
      <Filter>头文件</Filter>
    </ClInclude>
    <ClInclude Include="_35_CopyComplexList.h">
      <Filter>头文件</Filter>
    </ClInclude>
    <ClInclude Include="_36_ConvertBinarySearchTree.h">
      <Filter>头文件</Filter>
    </ClInclude>
    <ClInclude Include="Sort\BubbleSort.h">
      <Filter>头文件\Sort</Filter>
    </ClInclude>
    <ClInclude Include="Sort\SortBase.h">
      <Filter>头文件\Sort</Filter>
    </ClInclude>
    <ClInclude Include="..\LeetCode_Cpp\SortFunc.h">
      <Filter>头文件\Sort</Filter>
    </ClInclude>
  </ItemGroup>
</Project>